
Microsoft Visual Studio Solution File, Format Version 12.00
# Visual Studio Version 17
VisualStudioVersion = 17.13.35913.81 d17.13
MinimumVisualStudioVersion = 10.0.40219.1
Project("{FAE04EC0-301F-11D3-BF4B-00C04F79EFBC}") = "BookShop", "BookShop\BookShop.csproj", "{DA5EE6C5-7661-4C6B-83B8-A924D80D3263}"
EndProject
Global
	GlobalSection(SolutionConfigurationPlatforms) = preSolution
		Debug|Any CPU = Debug|Any CPU
		Release|Any CPU = Release|Any CPU
	EndGlobalSection
	GlobalSection(ProjectConfigurationPlatforms) = postSolution
		{DA5EE6C5-7661-4C6B-83B8-A924D80D3263}.Debug|Any CPU.ActiveCfg = Debug|Any CPU
		{DA5EE6C5-7661-4C6B-83B8-A924D80D3263}.Debug|Any CPU.Build.0 = Debug|Any CPU
		{DA5EE6C5-7661-4C6B-83B8-A924D80D3263}.Release|Any CPU.ActiveCfg = Release|Any CPU
		{DA5EE6C5-7661-4C6B-83B8-A924D80D3263}.Release|Any CPU.Build.0 = Release|Any CPU
	EndGlobalSection
	GlobalSection(SolutionProperties) = preSolution
		HideSolutionNode = FALSE
	EndGlobalSection
	GlobalSection(ExtensibilityGlobals) = postSolution
		SolutionGuid = {BF52A40A-FB15-406F-8E37-B5F6C0328240}
	EndGlobalSection
EndGlobal
